Microsoft Visual Studio Solution File, Format Version 10.00
# Visual Studio 2008
Project("{8BC9CEB8-8B4A-11D0-8D11-00A0C91BC942}") = "fesplatform", "fesplatform\fesplatform.vcproj", "{60777A2A-15AF-3B02-9F98-71E149746055}"
EndProject
Project("{8BC9CEB8-8B4A-11D0-8D11-00A0C91BC942}") = "fesdev", "fesdev\fesdev.vcproj", "{1C9A87D4-26BA-3440-9439-B8F3B50E2D09}"
EndProject
Project("{8BC9CEB8-8B4A-11D0-8D11-00A0C91BC942}") = "fesapi", "fesapi\fesapi.vcproj", "{2B0CA5F6-2F10-3762-99CE-7F1F71BFD2AD}"
EndProject
Project("{8BC9CEB8-8B4A-11D0-8D11-00A0C91BC942}") = "msgengine", "msgengine\msgengine.vcproj", "{74A20BEF-A053-390C-A21E-84620E2B98BB}"
EndProject
Project("{8BC9CEB8-8B4A-11D0-8D11-00A0C91BC942}") = "fessvc", "fessvc\fessvc.vcproj", "{8D65A2BB-887C-32EA-9F70-658979ABBF41}"
EndProject
Project("{8BC9CEB8-8B4A-11D0-8D11-00A0C91BC942}") = "iec104", "protocol\iec104\iec104.vcproj", "{129D4C33-F29E-3413-AA94-6A633110521A}"
EndProject
Project("{8BC9CEB8-8B4A-11D0-8D11-00A0C91BC942}") = "cdt", "protocol\cdt\cdt.vcproj", "{A20ADC27-D6E8-383D-92B7-882505AAE182}"
EndProject
Project("{8BC9CEB8-8B4A-11D0-8D11-00A0C91BC942}") = "iec101", "protocol\iec101\iec101.vcproj", "{9A4CD9F2-61C1-3D14-BC81-D65A17D1E094}"
EndProject
Project("{8BC9CEB8-8B4A-11D0-8D11-00A0C91BC942}") = "iec101b", "protocol\iec101b\iec101b.vcproj", "{75A9C798-7D5D-3EAF-88F4-52F8229F4FC8}"
EndProject
Project("{8BC9CEB8-8B4A-11D0-8D11-00A0C91BC942}") = "modbust", "protocol\modbust\modbust.vcproj", "{2D752CB3-78DD-3337-9908-A8FBE766D1A8}"
EndProject
Project("{8BC9CEB8-8B4A-11D0-8D11-00A0C91BC942}") = "modbusdaqo", "protocol\modbusdaqo\modbusdaqo.vcproj", "{6928671B-FC09-31BB-8532-0FB6BA9CDCCB}"
EndProject
Project("{8BC9CEB8-8B4A-11D0-8D11-00A0C91BC942}") = "fesmirror", "fesmirror\fesmirror.vcproj", "{D5F16023-5FD6-3CAC-9AEA-143B93155A7E}"
EndProject
Project("{8BC9CEB8-8B4A-11D0-8D11-00A0C91BC942}") = "fesshm", "fesshm\fesshm.vcproj", "{B66FA902-D8DD-3EFF-BE63-BACD971513B8}"
EndProject
Project("{8BC9CEB8-8B4A-11D0-8D11-00A0C91BC942}") = "festools", "festools\festools.vcproj", "{4DD9259D-BDE2-34A5-8FF7-4528C69B8E04}"
EndProject
Project("{8BC9CEB8-8B4A-11D0-8D11-00A0C91BC942}") = "fesstat", "fesstat\fesstat.vcproj", "{E91557A7-57A4-30B0-808F-A12F9F1634E4}"
EndProject
Project("{8BC9CEB8-8B4A-11D0-8D11-00A0C91BC942}") = "fespara", "fespara\fespara.vcproj", "{3D5FC974-2FC9-3238-BE0A-58297CEC885D}"
EndProject
Project("{8BC9CEB8-8B4A-11D0-8D11-00A0C91BC942}") = "fesoper", "fesoper\fesoper.vcproj", "{4F50E34D-984C-36DC-B4FE-21765E42EC0D}"
EndProject
Project("{8BC9CEB8-8B4A-11D0-8D11-00A0C91BC942}") = "fesmsg", "fesmsg\fesmsg.vcproj", "{B4EBCC2E-8BF2-3F7E-A606-85AC7FACD07A}"
EndProject
Project("{8BC9CEB8-8B4A-11D0-8D11-00A0C91BC942}") = "rawview", "rawview\rawview.vcproj", "{A8910F50-ECF7-33CB-BFC2-C2E58C8F1460}"
EndProject
Project("{8BC9CEB8-8B4A-11D0-8D11-00A0C91BC942}") = "modbus_bus", "protocol\modbus_bus\modbus_bus.vcproj", "{4118228E-E8FA-4EB6-B967-875649098627}"
EndProject
Global
	GlobalSection(SolutionConfigurationPlatforms) = preSolution
		Debug|Win32 = Debug|Win32
		Debug|x64 = Debug|x64
		Release|Win32 = Release|Win32
		Release|x64 = Release|x64
	EndGlobalSection
	GlobalSection(ProjectConfigurationPlatforms) = postSolution
		{60777A2A-15AF-3B02-9F98-71E149746055}.Debug|Win32.ActiveCfg = Debug|Win32
		{60777A2A-15AF-3B02-9F98-71E149746055}.Debug|Win32.Build.0 = Debug|Win32
		{60777A2A-15AF-3B02-9F98-71E149746055}.Debug|x64.ActiveCfg = Debug|x64
		{60777A2A-15AF-3B02-9F98-71E149746055}.Debug|x64.Build.0 = Debug|x64
		{60777A2A-15AF-3B02-9F98-71E149746055}.Release|Win32.ActiveCfg = Release|Win32
		{60777A2A-15AF-3B02-9F98-71E149746055}.Release|Win32.Build.0 = Release|Win32
		{60777A2A-15AF-3B02-9F98-71E149746055}.Release|x64.ActiveCfg = Release|Win32
		{1C9A87D4-26BA-3440-9439-B8F3B50E2D09}.Debug|Win32.ActiveCfg = Debug|Win32
		{1C9A87D4-26BA-3440-9439-B8F3B50E2D09}.Debug|Win32.Build.0 = Debug|Win32
		{1C9A87D4-26BA-3440-9439-B8F3B50E2D09}.Debug|x64.ActiveCfg = Debug|x64
		{1C9A87D4-26BA-3440-9439-B8F3B50E2D09}.Debug|x64.Build.0 = Debug|x64
		{1C9A87D4-26BA-3440-9439-B8F3B50E2D09}.Release|Win32.ActiveCfg = Release|Win32
		{1C9A87D4-26BA-3440-9439-B8F3B50E2D09}.Release|Win32.Build.0 = Release|Win32
		{1C9A87D4-26BA-3440-9439-B8F3B50E2D09}.Release|x64.ActiveCfg = Release|x64
		{1C9A87D4-26BA-3440-9439-B8F3B50E2D09}.Release|x64.Build.0 = Release|x64
		{2B0CA5F6-2F10-3762-99CE-7F1F71BFD2AD}.Debug|Win32.ActiveCfg = Debug|Win32
		{2B0CA5F6-2F10-3762-99CE-7F1F71BFD2AD}.Debug|Win32.Build.0 = Debug|Win32
		{2B0CA5F6-2F10-3762-99CE-7F1F71BFD2AD}.Debug|x64.ActiveCfg = Debug|x64
		{2B0CA5F6-2F10-3762-99CE-7F1F71BFD2AD}.Debug|x64.Build.0 = Debug|x64
		{2B0CA5F6-2F10-3762-99CE-7F1F71BFD2AD}.Release|Win32.ActiveCfg = Release|Win32
		{2B0CA5F6-2F10-3762-99CE-7F1F71BFD2AD}.Release|Win32.Build.0 = Release|Win32
		{2B0CA5F6-2F10-3762-99CE-7F1F71BFD2AD}.Release|x64.ActiveCfg = Release|Win32
		{74A20BEF-A053-390C-A21E-84620E2B98BB}.Debug|Win32.ActiveCfg = Debug|Win32
		{74A20BEF-A053-390C-A21E-84620E2B98BB}.Debug|Win32.Build.0 = Debug|Win32
		{74A20BEF-A053-390C-A21E-84620E2B98BB}.Debug|x64.ActiveCfg = Debug|x64
		{74A20BEF-A053-390C-A21E-84620E2B98BB}.Debug|x64.Build.0 = Debug|x64
		{74A20BEF-A053-390C-A21E-84620E2B98BB}.Release|Win32.ActiveCfg = Release|Win32
		{74A20BEF-A053-390C-A21E-84620E2B98BB}.Release|Win32.Build.0 = Release|Win32
		{74A20BEF-A053-390C-A21E-84620E2B98BB}.Release|x64.ActiveCfg = Release|Win32
		{8D65A2BB-887C-32EA-9F70-658979ABBF41}.Debug|Win32.ActiveCfg = Debug|Win32
		{8D65A2BB-887C-32EA-9F70-658979ABBF41}.Debug|Win32.Build.0 = Debug|Win32
		{8D65A2BB-887C-32EA-9F70-658979ABBF41}.Debug|x64.ActiveCfg = Debug|x64
		{8D65A2BB-887C-32EA-9F70-658979ABBF41}.Debug|x64.Build.0 = Debug|x64
		{8D65A2BB-887C-32EA-9F70-658979ABBF41}.Release|Win32.ActiveCfg = Release|Win32
		{8D65A2BB-887C-32EA-9F70-658979ABBF41}.Release|Win32.Build.0 = Release|Win32
		{8D65A2BB-887C-32EA-9F70-658979ABBF41}.Release|x64.ActiveCfg = Release|Win32
		{129D4C33-F29E-3413-AA94-6A633110521A}.Debug|Win32.ActiveCfg = Debug|Win32
		{129D4C33-F29E-3413-AA94-6A633110521A}.Debug|Win32.Build.0 = Debug|Win32
		{129D4C33-F29E-3413-AA94-6A633110521A}.Debug|x64.ActiveCfg = Debug|x64
		{129D4C33-F29E-3413-AA94-6A633110521A}.Debug|x64.Build.0 = Debug|x64
		{129D4C33-F29E-3413-AA94-6A633110521A}.Release|Win32.ActiveCfg = Release|Win32
		{129D4C33-F29E-3413-AA94-6A633110521A}.Release|Win32.Build.0 = Release|Win32
		{129D4C33-F29E-3413-AA94-6A633110521A}.Release|x64.ActiveCfg = Release|x64
		{129D4C33-F29E-3413-AA94-6A633110521A}.Release|x64.Build.0 = Release|x64
		{A20ADC27-D6E8-383D-92B7-882505AAE182}.Debug|Win32.ActiveCfg = Debug|Win32
		{A20ADC27-D6E8-383D-92B7-882505AAE182}.Debug|Win32.Build.0 = Debug|Win32
		{A20ADC27-D6E8-383D-92B7-882505AAE182}.Debug|x64.ActiveCfg = Debug|x64
		{A20ADC27-D6E8-383D-92B7-882505AAE182}.Debug|x64.Build.0 = Debug|x64
		{A20ADC27-D6E8-383D-92B7-882505AAE182}.Release|Win32.ActiveCfg = Release|Win32
		{A20ADC27-D6E8-383D-92B7-882505AAE182}.Release|Win32.Build.0 = Release|Win32
		{A20ADC27-D6E8-383D-92B7-882505AAE182}.Release|x64.ActiveCfg = Release|Win32
		{9A4CD9F2-61C1-3D14-BC81-D65A17D1E094}.Debug|Win32.ActiveCfg = Debug|Win32
		{9A4CD9F2-61C1-3D14-BC81-D65A17D1E094}.Debug|Win32.Build.0 = Debug|Win32
		{9A4CD9F2-61C1-3D14-BC81-D65A17D1E094}.Debug|x64.ActiveCfg = Debug|x64
		{9A4CD9F2-61C1-3D14-BC81-D65A17D1E094}.Debug|x64.Build.0 = Debug|x64
		{9A4CD9F2-61C1-3D14-BC81-D65A17D1E094}.Release|Win32.ActiveCfg = Release|Win32
		{9A4CD9F2-61C1-3D14-BC81-D65A17D1E094}.Release|Win32.Build.0 = Release|Win32
		{9A4CD9F2-61C1-3D14-BC81-D65A17D1E094}.Release|x64.ActiveCfg = Release|x64
		{9A4CD9F2-61C1-3D14-BC81-D65A17D1E094}.Release|x64.Build.0 = Release|x64
		{75A9C798-7D5D-3EAF-88F4-52F8229F4FC8}.Debug|Win32.ActiveCfg = Debug|Win32
		{75A9C798-7D5D-3EAF-88F4-52F8229F4FC8}.Debug|Win32.Build.0 = Debug|Win32
		{75A9C798-7D5D-3EAF-88F4-52F8229F4FC8}.Debug|x64.ActiveCfg = Debug|x64
		{75A9C798-7D5D-3EAF-88F4-52F8229F4FC8}.Debug|x64.Build.0 = Debug|x64
		{75A9C798-7D5D-3EAF-88F4-52F8229F4FC8}.Release|Win32.ActiveCfg = Release|Win32
		{75A9C798-7D5D-3EAF-88F4-52F8229F4FC8}.Release|Win32.Build.0 = Release|Win32
		{75A9C798-7D5D-3EAF-88F4-52F8229F4FC8}.Release|x64.ActiveCfg = Release|x64
		{75A9C798-7D5D-3EAF-88F4-52F8229F4FC8}.Release|x64.Build.0 = Release|x64
		{2D752CB3-78DD-3337-9908-A8FBE766D1A8}.Debug|Win32.ActiveCfg = Debug|Win32
		{2D752CB3-78DD-3337-9908-A8FBE766D1A8}.Debug|Win32.Build.0 = Debug|Win32
		{2D752CB3-78DD-3337-9908-A8FBE766D1A8}.Debug|x64.ActiveCfg = Debug|x64
		{2D752CB3-78DD-3337-9908-A8FBE766D1A8}.Debug|x64.Build.0 = Debug|x64
		{2D752CB3-78DD-3337-9908-A8FBE766D1A8}.Release|Win32.ActiveCfg = Release|Win32
		{2D752CB3-78DD-3337-9908-A8FBE766D1A8}.Release|Win32.Build.0 = Release|Win32
		{2D752CB3-78DD-3337-9908-A8FBE766D1A8}.Release|x64.ActiveCfg = Release|x64
		{2D752CB3-78DD-3337-9908-A8FBE766D1A8}.Release|x64.Build.0 = Release|x64
		{6928671B-FC09-31BB-8532-0FB6BA9CDCCB}.Debug|Win32.ActiveCfg = Debug|Win32
		{6928671B-FC09-31BB-8532-0FB6BA9CDCCB}.Debug|Win32.Build.0 = Debug|Win32
		{6928671B-FC09-31BB-8532-0FB6BA9CDCCB}.Debug|x64.ActiveCfg = Debug|x64
		{6928671B-FC09-31BB-8532-0FB6BA9CDCCB}.Debug|x64.Build.0 = Debug|x64
		{6928671B-FC09-31BB-8532-0FB6BA9CDCCB}.Release|Win32.ActiveCfg = Release|Win32
		{6928671B-FC09-31BB-8532-0FB6BA9CDCCB}.Release|Win32.Build.0 = Release|Win32
		{6928671B-FC09-31BB-8532-0FB6BA9CDCCB}.Release|x64.ActiveCfg = Release|x64
		{6928671B-FC09-31BB-8532-0FB6BA9CDCCB}.Release|x64.Build.0 = Release|x64
		{D5F16023-5FD6-3CAC-9AEA-143B93155A7E}.Debug|Win32.ActiveCfg = Debug|Win32
		{D5F16023-5FD6-3CAC-9AEA-143B93155A7E}.Debug|Win32.Build.0 = Debug|Win32
		{D5F16023-5FD6-3CAC-9AEA-143B93155A7E}.Debug|x64.ActiveCfg = Debug|x64
		{D5F16023-5FD6-3CAC-9AEA-143B93155A7E}.Debug|x64.Build.0 = Debug|x64
		{D5F16023-5FD6-3CAC-9AEA-143B93155A7E}.Release|Win32.ActiveCfg = Release|Win32
		{D5F16023-5FD6-3CAC-9AEA-143B93155A7E}.Release|Win32.Build.0 = Release|Win32
		{D5F16023-5FD6-3CAC-9AEA-143B93155A7E}.Release|x64.ActiveCfg = Release|x64
		{D5F16023-5FD6-3CAC-9AEA-143B93155A7E}.Release|x64.Build.0 = Release|x64
		{B66FA902-D8DD-3EFF-BE63-BACD971513B8}.Debug|Win32.ActiveCfg = Debug|Win32
		{B66FA902-D8DD-3EFF-BE63-BACD971513B8}.Debug|Win32.Build.0 = Debug|Win32
		{B66FA902-D8DD-3EFF-BE63-BACD971513B8}.Debug|x64.ActiveCfg = Debug|x64
		{B66FA902-D8DD-3EFF-BE63-BACD971513B8}.Debug|x64.Build.0 = Debug|x64
		{B66FA902-D8DD-3EFF-BE63-BACD971513B8}.Release|Win32.ActiveCfg = Release|Win32
		{B66FA902-D8DD-3EFF-BE63-BACD971513B8}.Release|Win32.Build.0 = Release|Win32
		{B66FA902-D8DD-3EFF-BE63-BACD971513B8}.Release|x64.ActiveCfg = Release|x64
		{B66FA902-D8DD-3EFF-BE63-BACD971513B8}.Release|x64.Build.0 = Release|x64
		{4DD9259D-BDE2-34A5-8FF7-4528C69B8E04}.Debug|Win32.ActiveCfg = Debug|Win32
		{4DD9259D-BDE2-34A5-8FF7-4528C69B8E04}.Debug|Win32.Build.0 = Debug|Win32
		{4DD9259D-BDE2-34A5-8FF7-4528C69B8E04}.Debug|x64.ActiveCfg = Debug|x64
		{4DD9259D-BDE2-34A5-8FF7-4528C69B8E04}.Debug|x64.Build.0 = Debug|x64
		{4DD9259D-BDE2-34A5-8FF7-4528C69B8E04}.Release|Win32.ActiveCfg = Release|Win32
		{4DD9259D-BDE2-34A5-8FF7-4528C69B8E04}.Release|Win32.Build.0 = Release|Win32
		{4DD9259D-BDE2-34A5-8FF7-4528C69B8E04}.Release|x64.ActiveCfg = Release|x64
		{4DD9259D-BDE2-34A5-8FF7-4528C69B8E04}.Release|x64.Build.0 = Release|x64
		{E91557A7-57A4-30B0-808F-A12F9F1634E4}.Debug|Win32.ActiveCfg = Debug|Win32
		{E91557A7-57A4-30B0-808F-A12F9F1634E4}.Debug|Win32.Build.0 = Debug|Win32
		{E91557A7-57A4-30B0-808F-A12F9F1634E4}.Debug|x64.ActiveCfg = Debug|x64
		{E91557A7-57A4-30B0-808F-A12F9F1634E4}.Debug|x64.Build.0 = Debug|x64
		{E91557A7-57A4-30B0-808F-A12F9F1634E4}.Release|Win32.ActiveCfg = Release|Win32
		{E91557A7-57A4-30B0-808F-A12F9F1634E4}.Release|Win32.Build.0 = Release|Win32
		{E91557A7-57A4-30B0-808F-A12F9F1634E4}.Release|x64.ActiveCfg = Release|Win32
		{3D5FC974-2FC9-3238-BE0A-58297CEC885D}.Debug|Win32.ActiveCfg = Debug|Win32
		{3D5FC974-2FC9-3238-BE0A-58297CEC885D}.Debug|Win32.Build.0 = Debug|Win32
		{3D5FC974-2FC9-3238-BE0A-58297CEC885D}.Debug|x64.ActiveCfg = Debug|x64
		{3D5FC974-2FC9-3238-BE0A-58297CEC885D}.Debug|x64.Build.0 = Debug|x64
		{3D5FC974-2FC9-3238-BE0A-58297CEC885D}.Release|Win32.ActiveCfg = Release|Win32
		{3D5FC974-2FC9-3238-BE0A-58297CEC885D}.Release|Win32.Build.0 = Release|Win32
		{3D5FC974-2FC9-3238-BE0A-58297CEC885D}.Release|x64.ActiveCfg = Release|Win32
		{4F50E34D-984C-36DC-B4FE-21765E42EC0D}.Debug|Win32.ActiveCfg = Debug|Win32
		{4F50E34D-984C-36DC-B4FE-21765E42EC0D}.Debug|Win32.Build.0 = Debug|Win32
		{4F50E34D-984C-36DC-B4FE-21765E42EC0D}.Debug|x64.ActiveCfg = Debug|x64
		{4F50E34D-984C-36DC-B4FE-21765E42EC0D}.Debug|x64.Build.0 = Debug|x64
		{4F50E34D-984C-36DC-B4FE-21765E42EC0D}.Release|Win32.ActiveCfg = Release|Win32
		{4F50E34D-984C-36DC-B4FE-21765E42EC0D}.Release|Win32.Build.0 = Release|Win32
		{4F50E34D-984C-36DC-B4FE-21765E42EC0D}.Release|x64.ActiveCfg = Release|Win32
		{B4EBCC2E-8BF2-3F7E-A606-85AC7FACD07A}.Debug|Win32.ActiveCfg = Debug|Win32
		{B4EBCC2E-8BF2-3F7E-A606-85AC7FACD07A}.Debug|Win32.Build.0 = Debug|Win32
		{B4EBCC2E-8BF2-3F7E-A606-85AC7FACD07A}.Debug|x64.ActiveCfg = Debug|x64
		{B4EBCC2E-8BF2-3F7E-A606-85AC7FACD07A}.Debug|x64.Build.0 = Debug|x64
		{B4EBCC2E-8BF2-3F7E-A606-85AC7FACD07A}.Release|Win32.ActiveCfg = Release|Win32
		{B4EBCC2E-8BF2-3F7E-A606-85AC7FACD07A}.Release|Win32.Build.0 = Release|Win32
		{B4EBCC2E-8BF2-3F7E-A606-85AC7FACD07A}.Release|x64.ActiveCfg = Release|Win32
		{A8910F50-ECF7-33CB-BFC2-C2E58C8F1460}.Debug|Win32.ActiveCfg = Debug|Win32
		{A8910F50-ECF7-33CB-BFC2-C2E58C8F1460}.Debug|Win32.Build.0 = Debug|Win32
		{A8910F50-ECF7-33CB-BFC2-C2E58C8F1460}.Debug|x64.ActiveCfg = Debug|x64
		{A8910F50-ECF7-33CB-BFC2-C2E58C8F1460}.Debug|x64.Build.0 = Debug|x64
		{A8910F50-ECF7-33CB-BFC2-C2E58C8F1460}.Release|Win32.ActiveCfg = Release|Win32
		{A8910F50-ECF7-33CB-BFC2-C2E58C8F1460}.Release|Win32.Build.0 = Release|Win32
		{A8910F50-ECF7-33CB-BFC2-C2E58C8F1460}.Release|x64.ActiveCfg = Release|x64
		{A8910F50-ECF7-33CB-BFC2-C2E58C8F1460}.Release|x64.Build.0 = Release|x64
		{4118228E-E8FA-4EB6-B967-875649098627}.Debug|Win32.ActiveCfg = Debug|x64
		{4118228E-E8FA-4EB6-B967-875649098627}.Debug|x64.ActiveCfg = Debug|x64
		{4118228E-E8FA-4EB6-B967-875649098627}.Debug|x64.Build.0 = Debug|x64
		{4118228E-E8FA-4EB6-B967-875649098627}.Release|Win32.ActiveCfg = Release|x64
		{4118228E-E8FA-4EB6-B967-875649098627}.Release|x64.ActiveCfg = Release|x64
		{4118228E-E8FA-4EB6-B967-875649098627}.Release|x64.Build.0 = Release|x64
	EndGlobalSection
	GlobalSection(SolutionProperties) = preSolution
		HideSolutionNode = FALSE
	EndGlobalSection
EndGlobal
